
Microsoft Visual Studio Solution File, Format Version 12.00
# Visual Studio Version 17
VisualStudioVersion = 17.7.34024.191
MinimumVisualStudioVersion = 10.0.40219.1
Project("{FAE04EC0-301F-11D3-BF4B-00C04F79EFBC}") = "MiJennerConfigUtilsFolderManager", "MiJennerConfigUtilsFolderManager\MiJennerConfigUtilsFolderManager.csproj", "{5CA1A0D8-6D56-4BA6-A768-3C8F4FF12E07}"
EndProject
Project("{FAE04EC0-301F-11D3-BF4B-00C04F79EFBC}") = "UsageExamples", "UsageExamples\UsageExamples.csproj", "{EF417907-5E0D-4C08-A836-4783BC8BB4D0}"
EndProject
Global
	GlobalSection(SolutionConfigurationPlatforms) = preSolution
		Debug|Any CPU = Debug|Any CPU
		Release|Any CPU = Release|Any CPU
	EndGlobalSection
	GlobalSection(ProjectConfigurationPlatforms) = postSolution
		{5CA1A0D8-6D56-4BA6-A768-3C8F4FF12E07}.Debug|Any CPU.ActiveCfg = Debug|Any CPU
		{5CA1A0D8-6D56-4BA6-A768-3C8F4FF12E07}.Debug|Any CPU.Build.0 = Debug|Any CPU
		{5CA1A0D8-6D56-4BA6-A768-3C8F4FF12E07}.Release|Any CPU.ActiveCfg = Release|Any CPU
		{5CA1A0D8-6D56-4BA6-A768-3C8F4FF12E07}.Release|Any CPU.Build.0 = Release|Any CPU
		{EF417907-5E0D-4C08-A836-4783BC8BB4D0}.Debug|Any CPU.ActiveCfg = Debug|Any CPU
		{EF417907-5E0D-4C08-A836-4783BC8BB4D0}.Debug|Any CPU.Build.0 = Debug|Any CPU
		{EF417907-5E0D-4C08-A836-4783BC8BB4D0}.Release|Any CPU.ActiveCfg = Release|Any CPU
		{EF417907-5E0D-4C08-A836-4783BC8BB4D0}.Release|Any CPU.Build.0 = Release|Any CPU
	EndGlobalSection
	GlobalSection(SolutionProperties) = preSolution
		HideSolutionNode = FALSE
	EndGlobalSection
	GlobalSection(ExtensibilityGlobals) = postSolution
		SolutionGuid = {444C4870-377B-46C5-9C20-C0A4F9102E28}
	EndGlobalSection
EndGlobal
