
Microsoft Visual Studio Solution File, Format Version 12.00
# Visual Studio Version 17
VisualStudioVersion = 17.7.34024.191
MinimumVisualStudioVersion = 10.0.40219.1
Project("{9A19103F-16F7-4668-BE54-9A1E7A4F7556}") = "MiJennerConfigUtilsFolderManager", "MiJennerConfigUtilsFolderManager\MiJennerConfigUtilsFolderManager.csproj", "{5CA1A0D8-6D56-4BA6-A768-3C8F4FF12E07}"
EndProject
Project("{9A19103F-16F7-4668-BE54-9A1E7A4F7556}") = "UsageExamples", "UsageExamples\UsageExamples.csproj", "{EF417907-5E0D-4C08-A836-4783BC8BB4D0}"
EndProject
Project("{9A19103F-16F7-4668-BE54-9A1E7A4F7556}") = "MiJennerFileUtils", "..\..\FileUtils\MiJennerFileUtils\MiJennerFileUtils\MiJennerFileUtils.csproj", "{874F02A3-A9E5-4804-958F-CF5B5BA7813A}"
EndProject
Global
	GlobalSection(SolutionConfigurationPlatforms) = preSolution
		Debug|Any CPU = Debug|Any CPU
		Release|Any CPU = Release|Any CPU
	EndGlobalSection
	GlobalSection(ProjectConfigurationPlatforms) = postSolution
		{5CA1A0D8-6D56-4BA6-A768-3C8F4FF12E07}.Debug|Any CPU.ActiveCfg = Debug|Any CPU
		{5CA1A0D8-6D56-4BA6-A768-3C8F4FF12E07}.Debug|Any CPU.Build.0 = Debug|Any CPU
		{5CA1A0D8-6D56-4BA6-A768-3C8F4FF12E07}.Release|Any CPU.ActiveCfg = Release|Any CPU
		{5CA1A0D8-6D56-4BA6-A768-3C8F4FF12E07}.Release|Any CPU.Build.0 = Release|Any CPU
		{EF417907-5E0D-4C08-A836-4783BC8BB4D0}.Debug|Any CPU.ActiveCfg = Debug|Any CPU
		{EF417907-5E0D-4C08-A836-4783BC8BB4D0}.Debug|Any CPU.Build.0 = Debug|Any CPU
		{EF417907-5E0D-4C08-A836-4783BC8BB4D0}.Release|Any CPU.ActiveCfg = Release|Any CPU
		{EF417907-5E0D-4C08-A836-4783BC8BB4D0}.Release|Any CPU.Build.0 = Release|Any CPU
		{874F02A3-A9E5-4804-958F-CF5B5BA7813A}.Debug|Any CPU.ActiveCfg = Debug|Any CPU
		{874F02A3-A9E5-4804-958F-CF5B5BA7813A}.Debug|Any CPU.Build.0 = Debug|Any CPU
		{874F02A3-A9E5-4804-958F-CF5B5BA7813A}.Release|Any CPU.ActiveCfg = Release|Any CPU
		{874F02A3-A9E5-4804-958F-CF5B5BA7813A}.Release|Any CPU.Build.0 = Release|Any CPU
	EndGlobalSection
	GlobalSection(SolutionProperties) = preSolution
		HideSolutionNode = FALSE
	EndGlobalSection
	GlobalSection(ExtensibilityGlobals) = postSolution
		SolutionGuid = {444C4870-377B-46C5-9C20-C0A4F9102E28}
	EndGlobalSection
EndGlobal
